
Microsoft Visual Studio Solution File, Format Version 12.00
# Visual Studio Version 16
VisualStudioVersion = 16.0.29102.190
MinimumVisualStudioVersion = 10.0.40219.1
Project("{FAE04EC0-301F-11D3-BF4B-00C04F79EFBC}") = "DigitSum", "DigitSum.csproj", "{1C0AAD3E-4D7F-4FB2-95AC-5C3EF62E95E4}"
EndProject
Global
	GlobalSection(SolutionConfigurationPlatforms) = preSolution
		Debug|Any CPU = Debug|Any CPU
		Release|Any CPU = Release|Any CPU
	EndGlobalSection
	GlobalSection(ProjectConfigurationPlatforms) = postSolution
		{1C0AAD3E-4D7F-4FB2-95AC-5C3EF62E95E4}.Debug|Any CPU.ActiveCfg = Debug|Any CPU
		{1C0AAD3E-4D7F-4FB2-95AC-5C3EF62E95E4}.Debug|Any CPU.Build.0 = Debug|Any CPU
		{1C0AAD3E-4D7F-4FB2-95AC-5C3EF62E95E4}.Release|Any CPU.ActiveCfg = Release|Any CPU
		{1C0AAD3E-4D7F-4FB2-95AC-5C3EF62E95E4}.Release|Any CPU.Build.0 = Release|Any CPU
	EndGlobalSection
	GlobalSection(SolutionProperties) = preSolution
		HideSolutionNode = FALSE
	EndGlobalSection
	GlobalSection(ExtensibilityGlobals) = postSolution
		SolutionGuid = {CB48C198-E59A-40A0-AC2E-EEA5A5734B21}
	EndGlobalSection
EndGlobal
